
Microsoft Visual Studio Solution File, Format Version 12.00
# Visual Studio Version 17
VisualStudioVersion = 17.0.31903.59
MinimumVisualStudioVersion = 10.0.40219.1
Project("{2150E333-8FDC-42A3-9474-1A3956D46DE8}") = "Services", "Services", "{E1B6F842-412B-49BD-97E4-48D354A6C1F5}"
EndProject
Project("{2150E333-8FDC-42A3-9474-1A3956D46DE8}") = "Catalog", "Catalog", "{A912A2E6-443C-46BC-8144-7AD6C18AE2C9}"
EndProject
Project("{9A19103F-16F7-4668-BE54-9A1E7A4F7556}") = "Catalog.API", "Services\Catalog\Catalog.API\Catalog.API.csproj", "{9D38F2CB-7CEA-4EFE-AF28-807330C6CD9D}"
EndProject
Project("{E53339B2-1760-4266-BCC7-CA923CBCF16C}") = "docker-compose", "docker-compose.dcproj", "{FBC6F874-01A8-42C5-B28C-4934A5EFCBD5}"
EndProject
Project("{2150E333-8FDC-42A3-9474-1A3956D46DE8}") = "Basket", "Basket", "{BCA93E55-EE19-41C3-8868-07C83C7B0000}"
EndProject
Project("{9A19103F-16F7-4668-BE54-9A1E7A4F7556}") = "Basket.API", "Services\Basket\Basket.API\Basket.API.csproj", "{35140D79-4C98-4039-806D-F523EC5EB28F}"
EndProject
Project("{2150E333-8FDC-42A3-9474-1A3956D46DE8}") = "Solution Items", "Solution Items", "{3C281EBB-1F48-4F7E-82B5-25F58334C658}"
	ProjectSection(SolutionItems) = preProject
		docker-commands.txt = docker-commands.txt
	EndProjectSection
EndProject
Project("{2150E333-8FDC-42A3-9474-1A3956D46DE8}") = "Discount", "Discount", "{9BE8399E-9537-4B7F-B880-6380D6B8F200}"
EndProject
Project("{9A19103F-16F7-4668-BE54-9A1E7A4F7556}") = "Discount.API", "Services\Discount\Discount.API\Discount.API.csproj", "{E69C658C-C3B4-422E-8031-7F5A9721D893}"
EndProject
Project("{9A19103F-16F7-4668-BE54-9A1E7A4F7556}") = "Discount.Grpc", "Services\Discount\Discount.Grpc\Discount.Grpc.csproj", "{02961604-DBCA-4132-B89D-4417AEEA6269}"
EndProject
Project("{2150E333-8FDC-42A3-9474-1A3956D46DE8}") = "Ordering", "Ordering", "{CE8CD01C-1414-48C4-B978-3143E3E8D628}"
EndProject
Project("{9A19103F-16F7-4668-BE54-9A1E7A4F7556}") = "Ordering.API", "Services\Ordering\Ordering.API\Ordering.API.csproj", "{47680E02-F0C9-49B8-B956-724A7509F2AA}"
EndProject
Project("{9A19103F-16F7-4668-BE54-9A1E7A4F7556}") = "Ordering.Domain", "Services\Ordering\Ordering.Domain\Ordering.Domain.csproj", "{00A29A1B-5FDB-4D43-AC48-E295B091F41D}"
EndProject
Project("{9A19103F-16F7-4668-BE54-9A1E7A4F7556}") = "Ordering.Application", "Services\Ordering\Ordering.Application\Ordering.Application.csproj", "{5CB89C66-B4EB-472F-BEB1-BC6166845F9F}"
EndProject
Project("{9A19103F-16F7-4668-BE54-9A1E7A4F7556}") = "Ordering.Infrastructure", "Services\Ordering\Ordering.Infrastructure\Ordering.Infrastructure.csproj", "{B4BDADD7-F478-4059-98DA-11623A04B9AD}"
EndProject
Project("{2150E333-8FDC-42A3-9474-1A3956D46DE8}") = "BuildingBlocks", "BuildingBlocks", "{BABBCE87-8AB8-4037-B26B-F4231ECD435F}"
EndProject
Project("{9A19103F-16F7-4668-BE54-9A1E7A4F7556}") = "EventBus.Messages", "BuildingBlocks\EventBus.Messages\EventBus.Messages.csproj", "{18B60A3D-4BEF-49D1-9A45-DBB1151FF337}"
EndProject
Project("{2150E333-8FDC-42A3-9474-1A3956D46DE8}") = "ApiGateways", "ApiGateways", "{283D9FA5-725D-4D45-90D3-CB3332DCC4F9}"
EndProject
Project("{FAE04EC0-301F-11D3-BF4B-00C04F79EFBC}") = "OcelotApiGw", "ApiGateways\OcelotApiGw\OcelotApiGw.csproj", "{82501A5D-8E56-4F99-B6B2-2965B76C1989}"
EndProject
Global
	GlobalSection(SolutionConfigurationPlatforms) = preSolution
		Debug|Any CPU = Debug|Any CPU
		Release|Any CPU = Release|Any CPU
	EndGlobalSection
	GlobalSection(ProjectConfigurationPlatforms) = postSolution
		{9D38F2CB-7CEA-4EFE-AF28-807330C6CD9D}.Debug|Any CPU.ActiveCfg = Debug|Any CPU
		{9D38F2CB-7CEA-4EFE-AF28-807330C6CD9D}.Debug|Any CPU.Build.0 = Debug|Any CPU
		{9D38F2CB-7CEA-4EFE-AF28-807330C6CD9D}.Release|Any CPU.ActiveCfg = Release|Any CPU
		{9D38F2CB-7CEA-4EFE-AF28-807330C6CD9D}.Release|Any CPU.Build.0 = Release|Any CPU
		{FBC6F874-01A8-42C5-B28C-4934A5EFCBD5}.Debug|Any CPU.ActiveCfg = Debug|Any CPU
		{FBC6F874-01A8-42C5-B28C-4934A5EFCBD5}.Debug|Any CPU.Build.0 = Debug|Any CPU
		{FBC6F874-01A8-42C5-B28C-4934A5EFCBD5}.Release|Any CPU.ActiveCfg = Release|Any CPU
		{FBC6F874-01A8-42C5-B28C-4934A5EFCBD5}.Release|Any CPU.Build.0 = Release|Any CPU
		{35140D79-4C98-4039-806D-F523EC5EB28F}.Debug|Any CPU.ActiveCfg = Debug|Any CPU
		{35140D79-4C98-4039-806D-F523EC5EB28F}.Debug|Any CPU.Build.0 = Debug|Any CPU
		{35140D79-4C98-4039-806D-F523EC5EB28F}.Release|Any CPU.ActiveCfg = Release|Any CPU
		{35140D79-4C98-4039-806D-F523EC5EB28F}.Release|Any CPU.Build.0 = Release|Any CPU
		{E69C658C-C3B4-422E-8031-7F5A9721D893}.Debug|Any CPU.ActiveCfg = Debug|Any CPU
		{E69C658C-C3B4-422E-8031-7F5A9721D893}.Debug|Any CPU.Build.0 = Debug|Any CPU
		{E69C658C-C3B4-422E-8031-7F5A9721D893}.Release|Any CPU.ActiveCfg = Release|Any CPU
		{E69C658C-C3B4-422E-8031-7F5A9721D893}.Release|Any CPU.Build.0 = Release|Any CPU
		{02961604-DBCA-4132-B89D-4417AEEA6269}.Debug|Any CPU.ActiveCfg = Debug|Any CPU
		{02961604-DBCA-4132-B89D-4417AEEA6269}.Debug|Any CPU.Build.0 = Debug|Any CPU
		{02961604-DBCA-4132-B89D-4417AEEA6269}.Release|Any CPU.ActiveCfg = Release|Any CPU
		{02961604-DBCA-4132-B89D-4417AEEA6269}.Release|Any CPU.Build.0 = Release|Any CPU
		{47680E02-F0C9-49B8-B956-724A7509F2AA}.Debug|Any CPU.ActiveCfg = Debug|Any CPU
		{47680E02-F0C9-49B8-B956-724A7509F2AA}.Debug|Any CPU.Build.0 = Debug|Any CPU
		{47680E02-F0C9-49B8-B956-724A7509F2AA}.Release|Any CPU.ActiveCfg = Release|Any CPU
		{47680E02-F0C9-49B8-B956-724A7509F2AA}.Release|Any CPU.Build.0 = Release|Any CPU
		{00A29A1B-5FDB-4D43-AC48-E295B091F41D}.Debug|Any CPU.ActiveCfg = Debug|Any CPU
		{00A29A1B-5FDB-4D43-AC48-E295B091F41D}.Debug|Any CPU.Build.0 = Debug|Any CPU
		{00A29A1B-5FDB-4D43-AC48-E295B091F41D}.Release|Any CPU.ActiveCfg = Release|Any CPU
		{00A29A1B-5FDB-4D43-AC48-E295B091F41D}.Release|Any CPU.Build.0 = Release|Any CPU
		{5CB89C66-B4EB-472F-BEB1-BC6166845F9F}.Debug|Any CPU.ActiveCfg = Debug|Any CPU
		{5CB89C66-B4EB-472F-BEB1-BC6166845F9F}.Debug|Any CPU.Build.0 = Debug|Any CPU
		{5CB89C66-B4EB-472F-BEB1-BC6166845F9F}.Release|Any CPU.ActiveCfg = Release|Any CPU
		{5CB89C66-B4EB-472F-BEB1-BC6166845F9F}.Release|Any CPU.Build.0 = Release|Any CPU
		{B4BDADD7-F478-4059-98DA-11623A04B9AD}.Debug|Any CPU.ActiveCfg = Debug|Any CPU
		{B4BDADD7-F478-4059-98DA-11623A04B9AD}.Debug|Any CPU.Build.0 = Debug|Any CPU
		{B4BDADD7-F478-4059-98DA-11623A04B9AD}.Release|Any CPU.ActiveCfg = Release|Any CPU
		{B4BDADD7-F478-4059-98DA-11623A04B9AD}.Release|Any CPU.Build.0 = Release|Any CPU
		{18B60A3D-4BEF-49D1-9A45-DBB1151FF337}.Debug|Any CPU.ActiveCfg = Debug|Any CPU
		{18B60A3D-4BEF-49D1-9A45-DBB1151FF337}.Debug|Any CPU.Build.0 = Debug|Any CPU
		{18B60A3D-4BEF-49D1-9A45-DBB1151FF337}.Release|Any CPU.ActiveCfg = Release|Any CPU
		{18B60A3D-4BEF-49D1-9A45-DBB1151FF337}.Release|Any CPU.Build.0 = Release|Any CPU
		{82501A5D-8E56-4F99-B6B2-2965B76C1989}.Debug|Any CPU.ActiveCfg = Debug|Any CPU
		{82501A5D-8E56-4F99-B6B2-2965B76C1989}.Debug|Any CPU.Build.0 = Debug|Any CPU
		{82501A5D-8E56-4F99-B6B2-2965B76C1989}.Release|Any CPU.ActiveCfg = Release|Any CPU
		{82501A5D-8E56-4F99-B6B2-2965B76C1989}.Release|Any CPU.Build.0 = Release|Any CPU
	EndGlobalSection
	GlobalSection(SolutionProperties) = preSolution
		HideSolutionNode = FALSE
	EndGlobalSection
	GlobalSection(NestedProjects) = preSolution
		{A912A2E6-443C-46BC-8144-7AD6C18AE2C9} = {E1B6F842-412B-49BD-97E4-48D354A6C1F5}
		{9D38F2CB-7CEA-4EFE-AF28-807330C6CD9D} = {A912A2E6-443C-46BC-8144-7AD6C18AE2C9}
		{BCA93E55-EE19-41C3-8868-07C83C7B0000} = {E1B6F842-412B-49BD-97E4-48D354A6C1F5}
		{35140D79-4C98-4039-806D-F523EC5EB28F} = {BCA93E55-EE19-41C3-8868-07C83C7B0000}
		{9BE8399E-9537-4B7F-B880-6380D6B8F200} = {E1B6F842-412B-49BD-97E4-48D354A6C1F5}
		{E69C658C-C3B4-422E-8031-7F5A9721D893} = {9BE8399E-9537-4B7F-B880-6380D6B8F200}
		{02961604-DBCA-4132-B89D-4417AEEA6269} = {9BE8399E-9537-4B7F-B880-6380D6B8F200}
		{CE8CD01C-1414-48C4-B978-3143E3E8D628} = {E1B6F842-412B-49BD-97E4-48D354A6C1F5}
		{47680E02-F0C9-49B8-B956-724A7509F2AA} = {CE8CD01C-1414-48C4-B978-3143E3E8D628}
		{00A29A1B-5FDB-4D43-AC48-E295B091F41D} = {CE8CD01C-1414-48C4-B978-3143E3E8D628}
		{5CB89C66-B4EB-472F-BEB1-BC6166845F9F} = {CE8CD01C-1414-48C4-B978-3143E3E8D628}
		{B4BDADD7-F478-4059-98DA-11623A04B9AD} = {CE8CD01C-1414-48C4-B978-3143E3E8D628}
		{18B60A3D-4BEF-49D1-9A45-DBB1151FF337} = {BABBCE87-8AB8-4037-B26B-F4231ECD435F}
		{82501A5D-8E56-4F99-B6B2-2965B76C1989} = {283D9FA5-725D-4D45-90D3-CB3332DCC4F9}
	EndGlobalSection
	GlobalSection(ExtensibilityGlobals) = postSolution
		SolutionGuid = {6158AF4C-C068-446D-9682-060EB7AB14EA}
	EndGlobalSection
EndGlobal
